
Microsoft Visual Studio Solution File, Format Version 12.00
# Visual Studio 15
VisualStudioVersion = 15.0.27428.2027
MinimumVisualStudioVersion = 10.0.40219.1
Project("{FAE04EC0-301F-11D3-BF4B-00C04F79EFBC}") = "Pendulum", "WindowsFormsApp1\Pendulum.csproj", "{6563C7A8-D5E6-44FC-96E6-545429A2ED59}"
EndProject
Global
	GlobalSection(SolutionConfigurationPlatforms) = preSolution
		Debug|Any CPU = Debug|Any CPU
		Release|Any CPU = Release|Any CPU
	EndGlobalSection
	GlobalSection(ProjectConfigurationPlatforms) = postSolution
		{6563C7A8-D5E6-44FC-96E6-545429A2ED59}.Debug|Any CPU.ActiveCfg = Debug|Any CPU
		{6563C7A8-D5E6-44FC-96E6-545429A2ED59}.Debug|Any CPU.Build.0 = Debug|Any CPU
		{6563C7A8-D5E6-44FC-96E6-545429A2ED59}.Release|Any CPU.ActiveCfg = Release|Any CPU
		{6563C7A8-D5E6-44FC-96E6-545429A2ED59}.Release|Any CPU.Build.0 = Release|Any CPU
	EndGlobalSection
	GlobalSection(SolutionProperties) = preSolution
		HideSolutionNode = FALSE
	EndGlobalSection
	GlobalSection(ExtensibilityGlobals) = postSolution
		SolutionGuid = {3D4D3A66-EE90-43D4-8A81-32D303E742FF}
	EndGlobalSection
EndGlobal
